
Microsoft Visual Studio Solution File, Format Version 12.00
# Visual Studio 15
VisualStudioVersion = 15.0.27428.1
MinimumVisualStudioVersion = 10.0.40219.1
Project("{FAE04EC0-301F-11D3-BF4B-00C04F79EFBC}") = "Zadatak", "Zadatak\Zadatak.csproj", "{44049342-B9B5-48CC-88DD-D94985D77A9F}"
EndProject
Global
	GlobalSection(SolutionConfigurationPlatforms) = preSolution
		Debug|Any CPU = Debug|Any CPU
		Release|Any CPU = Release|Any CPU
	EndGlobalSection
	GlobalSection(ProjectConfigurationPlatforms) = postSolution
		{44049342-B9B5-48CC-88DD-D94985D77A9F}.Debug|Any CPU.ActiveCfg = Debug|Any CPU
		{44049342-B9B5-48CC-88DD-D94985D77A9F}.Debug|Any CPU.Build.0 = Debug|Any CPU
		{44049342-B9B5-48CC-88DD-D94985D77A9F}.Release|Any CPU.ActiveCfg = Release|Any CPU
		{44049342-B9B5-48CC-88DD-D94985D77A9F}.Release|Any CPU.Build.0 = Release|Any CPU
	EndGlobalSection
	GlobalSection(SolutionProperties) = preSolution
		HideSolutionNode = FALSE
	EndGlobalSection
	GlobalSection(ExtensibilityGlobals) = postSolution
		SolutionGuid = {F8E09EC9-7C11-4EBF-A370-CAFA21F39511}
	EndGlobalSection
EndGlobal
